<?xml version="1.0" encoding="utf-8"?>
<Project ToolsVersion="4.0" xmlns="http://schemas.microsoft.com/developer/msbuild/2003">
  <ItemGroup>
    <Filter Include="Core">
      <UniqueIdentifier>{b9d31c7b-e1c1-46cc-a234-e5ffb3d7857b}</UniqueIdentifier>
    </Filter>
    <Filter Include="Engine">
      <UniqueIdentifier>{e40bd32f-74b6-43dc-a1fd-38136e696702}</UniqueIdentifier>
    </Filter>
    <Filter Include="Game">
      <UniqueIdentifier>{67DA6AB6-F800-4c08-8B7A-83BB121AAD01}</UniqueIdentifier>
      <Extensions>rc;ico;cur;bmp;dlg;rc2;rct;bin;rgs;gif;jpg;jpeg;jpe;resx;tiff;tif;png;wav;mfcribbon-ms</Extensions>
    </Filter>
  </ItemGroup>
  <ItemGroup>
    <ClCompile Include="Game\MyFirstWndGame.cpp">
      <Filter>Game</Filter>
    </ClCompile>
    <ClCompile Include="Game\MyFirstWndGame_Collision.cpp">
      <Filter>Game</Filter>
    </ClCompile>
    <ClCompile Include="Game\MyFirstWndGame_Enemy.cpp">
      <Filter>Game</Filter>
    </ClCompile>
    <ClCompile Include="Game\MyFirstWndGame_Input.cpp">
      <Filter>Game</Filter>
    </ClCompile>
    <ClCompile Include="Game\MyFirstWndGame_Item.cpp">
      <Filter>Game</Filter>
    </ClCompile>
    <ClCompile Include="Game\MyFirstWndGame_Player.cpp">
      <Filter>Game</Filter>
    </ClCompile>
    <ClCompile Include="Game\MyFirstWndGame_Render.cpp">
      <Filter>Game</Filter>
    </ClCompile>
    <ClCompile Include="Engine\Collider.cpp">
      <Filter>Engine</Filter>
    </ClCompile>
    <ClCompile Include="Engine\GameObject.cpp">
      <Filter>Engine</Filter>
    </ClCompile>
    <ClCompile Include="Engine\renderHelp.cpp">
      <Filter>Engine</Filter>
    </ClCompile>
    <ClCompile Include="Core\GameTimer.cpp">
      <Filter>Core</Filter>
    </ClCompile>
    <ClCompile Include="Core\Main.cpp">
      <Filter>Core</Filter>
    </ClCompile>
    <ClCompile Include="Core\NzWndBase.cpp">
      <Filter>Core</Filter>
    </ClCompile>
    <ClCompile Include="Core\Utillity.cpp">
      <Filter>Core</Filter>
    </ClCompile>
  </ItemGroup>
  <ItemGroup>
    <ClInclude Include="Game\GameConstants.h">
      <Filter>Game</Filter>
    </ClInclude>
    <ClInclude Include="Game\MyFirstWndGame.h">
      <Filter>Game</Filter>
    </ClInclude>
    <ClInclude Include="Engine\Collider.h">
      <Filter>Engine</Filter>
    </ClInclude>
    <ClInclude Include="Engine\GameObject.h">
      <Filter>Engine</Filter>
    </ClInclude>
    <ClInclude Include="Engine\renderHelp.h">
      <Filter>Engine</Filter>
    </ClInclude>
    <ClInclude Include="Core\GameTimer.h">
      <Filter>Core</Filter>
    </ClInclude>
    <ClInclude Include="Core\INC_Windows.h">
      <Filter>Core</Filter>
    </ClInclude>
    <ClInclude Include="Core\NzWndBase.h">
      <Filter>Core</Filter>
    </ClInclude>
    <ClInclude Include="Core\Utillity.h">
      <Filter>Core</Filter>
    </ClInclude>
  </ItemGroup>
</Project>